Microsoft Visual Studio Solution File, Format Version 11.00
# Visual Studio 2008

Project("{EB7D4638-7340-737A-256E-82C4163B8467}") = "CameraExercise", "Assembly-CSharp.csproj", "{C3F89612-BF9E-8EB7-234D-452A520C56D4}"
EndProject
Global
	GlobalSection(SolutionConfigurationPlatforms) = preSolution
		Debug|Any CPU = Debug|Any CPU
		Release|Any CPU = Release|Any CPU
	EndGlobalSection
	GlobalSection(ProjectConfigurationPlatforms) = postSolution
		{C3F89612-BF9E-8EB7-234D-452A520C56D4}.Debug|Any CPU.ActiveCfg = Debug|Any CPU
		{C3F89612-BF9E-8EB7-234D-452A520C56D4}.Debug|Any CPU.Build.0 = Debug|Any CPU
		{C3F89612-BF9E-8EB7-234D-452A520C56D4}.Release|Any CPU.ActiveCfg = Release|Any CPU
		{C3F89612-BF9E-8EB7-234D-452A520C56D4}.Release|Any CPU.Build.0 = Release|Any CPU
	EndGlobalSection
	GlobalSection(SolutionProperties) = preSolution
		HideSolutionNode = FALSE
	EndGlobalSection
	GlobalSection(MonoDevelopProperties) = preSolution
		StartupItem = Assembly-CSharp.csproj
	EndGlobalSection
EndGlobal
